
Microsoft Visual Studio Solution File, Format Version 12.00
# Visual Studio Version 16
VisualStudioVersion = 16.0.30104.148
MinimumVisualStudioVersion = 10.0.40219.1
Project("{FAE04EC0-301F-11D3-BF4B-00C04F79EFBC}") = "week04", "week04.csproj", "{8DC1DAEE-30E9-4179-99BD-A5CAC00F63A9}"
EndProject
Global
	GlobalSection(SolutionConfigurationPlatforms) = preSolution
		Debug|Any CPU = Debug|Any CPU
		Release|Any CPU = Release|Any CPU
	EndGlobalSection
	GlobalSection(ProjectConfigurationPlatforms) = postSolution
		{8DC1DAEE-30E9-4179-99BD-A5CAC00F63A9}.Debug|Any CPU.ActiveCfg = Debug|Any CPU
		{8DC1DAEE-30E9-4179-99BD-A5CAC00F63A9}.Debug|Any CPU.Build.0 = Debug|Any CPU
		{8DC1DAEE-30E9-4179-99BD-A5CAC00F63A9}.Release|Any CPU.ActiveCfg = Release|Any CPU
		{8DC1DAEE-30E9-4179-99BD-A5CAC00F63A9}.Release|Any CPU.Build.0 = Release|Any CPU
	EndGlobalSection
	GlobalSection(SolutionProperties) = preSolution
		HideSolutionNode = FALSE
	EndGlobalSection
	GlobalSection(ExtensibilityGlobals) = postSolution
		SolutionGuid = {10FE699C-9273-4E20-AB29-2410AC79EC67}
	EndGlobalSection
EndGlobal
