
Microsoft Visual Studio Solution File, Format Version 12.00
# Visual Studio Version 16
VisualStudioVersion = 16.0.30104.148
MinimumVisualStudioVersion = 10.0.40219.1
Project("{FAE04EC0-301F-11D3-BF4B-00C04F79EFBC}") = "week07", "week07.csproj", "{8285A8FE-3AEA-47D7-B7D0-E05DEFC4EF68}"
EndProject
Global
	GlobalSection(SolutionConfigurationPlatforms) = preSolution
		Debug|Any CPU = Debug|Any CPU
		Release|Any CPU = Release|Any CPU
	EndGlobalSection
	GlobalSection(ProjectConfigurationPlatforms) = postSolution
		{8285A8FE-3AEA-47D7-B7D0-E05DEFC4EF68}.Debug|Any CPU.ActiveCfg = Debug|Any CPU
		{8285A8FE-3AEA-47D7-B7D0-E05DEFC4EF68}.Debug|Any CPU.Build.0 = Debug|Any CPU
		{8285A8FE-3AEA-47D7-B7D0-E05DEFC4EF68}.Release|Any CPU.ActiveCfg = Release|Any CPU
		{8285A8FE-3AEA-47D7-B7D0-E05DEFC4EF68}.Release|Any CPU.Build.0 = Release|Any CPU
	EndGlobalSection
	GlobalSection(SolutionProperties) = preSolution
		HideSolutionNode = FALSE
	EndGlobalSection
	GlobalSection(ExtensibilityGlobals) = postSolution
		SolutionGuid = {3B97B77C-D9BB-4CEA-A9DF-FE2E8E65AC1A}
	EndGlobalSection
EndGlobal
